
Microsoft Visual Studio Solution File, Format Version 12.00
# Visual Studio 2013
VisualStudioVersion = 12.0.31101.0
MinimumVisualStudioVersion = 10.0.40219.1
Project("{FAE04EC0-301F-11D3-BF4B-00C04F79EFBC}") = "AggregatePatterns", "AggregatePatterns.csproj", "{648490D9-0D16-4EFE-9BC4-7DAF91E04CF5}"
EndProject
Global
	GlobalSection(SolutionConfigurationPlatforms) = preSolution
		Debug|Any CPU = Debug|Any CPU
		Release|Any CPU = Release|Any CPU
	EndGlobalSection
	GlobalSection(ProjectConfigurationPlatforms) = postSolution
		{648490D9-0D16-4EFE-9BC4-7DAF91E04CF5}.Debug|Any CPU.ActiveCfg = Debug|Any CPU
		{648490D9-0D16-4EFE-9BC4-7DAF91E04CF5}.Debug|Any CPU.Build.0 = Debug|Any CPU
		{648490D9-0D16-4EFE-9BC4-7DAF91E04CF5}.Release|Any CPU.ActiveCfg = Release|Any CPU
		{648490D9-0D16-4EFE-9BC4-7DAF91E04CF5}.Release|Any CPU.Build.0 = Release|Any CPU
	EndGlobalSection
	GlobalSection(SolutionProperties) = preSolution
		HideSolutionNode = FALSE
	EndGlobalSection
EndGlobal
